
Microsoft Visual Studio Solution File, Format Version 12.00
# Visual Studio Version 16
VisualStudioVersion = 16.0.31727.386
MinimumVisualStudioVersion = 10.0.40219.1
Project("{2150E333-8FDC-42A3-9474-1A3956D46DE8}") = "Solution Items", "Solution Items", "{2FFE6A85-2020-4157-BC7F-AEB1192F1CB3}"
	ProjectSection(SolutionItems) = preProject
		.editorconfig = .editorconfig
	EndProjectSection
EndProject
Project("{9A19103F-16F7-4668-BE54-9A1E7A4F7556}") = "ParallelGrep", "ParallelGrep\ParallelGrep.csproj", "{320ACD89-4B41-4355-8E32-CF3B2C526646}"
EndProject
Project("{9A19103F-16F7-4668-BE54-9A1E7A4F7556}") = "ParallelGrep.Core", "ParallelGrep.Core\ParallelGrep.Core.csproj", "{F4587C11-7FEE-4598-97DC-B086FF92E9A2}"
EndProject
Global
	GlobalSection(SolutionConfigurationPlatforms) = preSolution
		Debug|Any CPU = Debug|Any CPU
		Release|Any CPU = Release|Any CPU
	EndGlobalSection
	GlobalSection(ProjectConfigurationPlatforms) = postSolution
		{320ACD89-4B41-4355-8E32-CF3B2C526646}.Debug|Any CPU.ActiveCfg = Debug|Any CPU
		{320ACD89-4B41-4355-8E32-CF3B2C526646}.Debug|Any CPU.Build.0 = Debug|Any CPU
		{320ACD89-4B41-4355-8E32-CF3B2C526646}.Release|Any CPU.ActiveCfg = Release|Any CPU
		{320ACD89-4B41-4355-8E32-CF3B2C526646}.Release|Any CPU.Build.0 = Release|Any CPU
		{F4587C11-7FEE-4598-97DC-B086FF92E9A2}.Debug|Any CPU.ActiveCfg = Debug|Any CPU
		{F4587C11-7FEE-4598-97DC-B086FF92E9A2}.Debug|Any CPU.Build.0 = Debug|Any CPU
		{F4587C11-7FEE-4598-97DC-B086FF92E9A2}.Release|Any CPU.ActiveCfg = Release|Any CPU
		{F4587C11-7FEE-4598-97DC-B086FF92E9A2}.Release|Any CPU.Build.0 = Release|Any CPU
	EndGlobalSection
	GlobalSection(SolutionProperties) = preSolution
		HideSolutionNode = FALSE
	EndGlobalSection
	GlobalSection(ExtensibilityGlobals) = postSolution
		SolutionGuid = {8B5813F2-B10F-4F74-94CF-0BB00F56C293}
	EndGlobalSection
EndGlobal
